
Microsoft Visual Studio Solution File, Format Version 12.00
# Visual Studio Version 16
VisualStudioVersion = 16.0.30523.141
MinimumVisualStudioVersion = 10.0.40219.1
Project("{FAE04EC0-301F-11D3-BF4B-00C04F79EFBC}") = "StandardCalculator", "StandardCalculator\StandardCalculator.csproj", "{D77363E4-0429-49E7-9F21-9A7A393C722E}"
EndProject
Global
	GlobalSection(SolutionConfigurationPlatforms) = preSolution
		Debug|Any CPU = Debug|Any CPU
		Release|Any CPU = Release|Any CPU
	EndGlobalSection
	GlobalSection(ProjectConfigurationPlatforms) = postSolution
		{D77363E4-0429-49E7-9F21-9A7A393C722E}.Debug|Any CPU.ActiveCfg = Debug|Any CPU
		{D77363E4-0429-49E7-9F21-9A7A393C722E}.Debug|Any CPU.Build.0 = Debug|Any CPU
		{D77363E4-0429-49E7-9F21-9A7A393C722E}.Release|Any CPU.ActiveCfg = Release|Any CPU
		{D77363E4-0429-49E7-9F21-9A7A393C722E}.Release|Any CPU.Build.0 = Release|Any CPU
	EndGlobalSection
	GlobalSection(SolutionProperties) = preSolution
		HideSolutionNode = FALSE
	EndGlobalSection
	GlobalSection(ExtensibilityGlobals) = postSolution
		SolutionGuid = {6F5E26A8-01F3-471C-BCB3-E047B29824B0}
	EndGlobalSection
EndGlobal
